
Microsoft Visual Studio Solution File, Format Version 12.00
Project("{FAE04EC0-301F-11D3-BF4B-00C04F79EFBC}") = "Tutorial2", "Tutorial2\Tutorial2.csproj", "{BE995F6D-54D4-4830-9C32-37656633E3AB}"
EndProject
Global
	GlobalSection(SolutionConfigurationPlatforms) = preSolution
		Debug|Any CPU = Debug|Any CPU
		Release|Any CPU = Release|Any CPU
	EndGlobalSection
	GlobalSection(ProjectConfigurationPlatforms) = postSolution
		{BE995F6D-54D4-4830-9C32-37656633E3AB}.Debug|Any CPU.ActiveCfg = Debug|Any CPU
		{BE995F6D-54D4-4830-9C32-37656633E3AB}.Debug|Any CPU.Build.0 = Debug|Any CPU
		{BE995F6D-54D4-4830-9C32-37656633E3AB}.Release|Any CPU.ActiveCfg = Release|Any CPU
		{BE995F6D-54D4-4830-9C32-37656633E3AB}.Release|Any CPU.Build.0 = Release|Any CPU
	EndGlobalSection
EndGlobal
